
Microsoft Visual Studio Solution File, Format Version 12.00
# Visual Studio 15
VisualStudioVersion = 15.0.28307.271
MinimumVisualStudioVersion = 10.0.40219.1
Project("{FAE04EC0-301F-11D3-BF4B-00C04F79EFBC}") = "DevOps", "DevOps\DevOps.csproj", "{BCD6BB20-EB84-4362-8D96-D735E0F34BA7}"
EndProject
Global
	GlobalSection(SolutionConfigurationPlatforms) = preSolution
		Debug|Any CPU = Debug|Any CPU
		Release|Any CPU = Release|Any CPU
	EndGlobalSection
	GlobalSection(ProjectConfigurationPlatforms) = postSolution
		{BCD6BB20-EB84-4362-8D96-D735E0F34BA7}.Debug|Any CPU.ActiveCfg = Debug|Any CPU
		{BCD6BB20-EB84-4362-8D96-D735E0F34BA7}.Debug|Any CPU.Build.0 = Debug|Any CPU
		{BCD6BB20-EB84-4362-8D96-D735E0F34BA7}.Release|Any CPU.ActiveCfg = Release|Any CPU
		{BCD6BB20-EB84-4362-8D96-D735E0F34BA7}.Release|Any CPU.Build.0 = Release|Any CPU
	EndGlobalSection
	GlobalSection(SolutionProperties) = preSolution
		HideSolutionNode = FALSE
	EndGlobalSection
	GlobalSection(ExtensibilityGlobals) = postSolution
		SolutionGuid = {B5C88A59-D58B-451B-901E-D6DD016D5865}
	EndGlobalSection
EndGlobal
